
Microsoft Visual Studio Solution File, Format Version 12.00
# Visual Studio Version 17
VisualStudioVersion = 17.7.34031.279
MinimumVisualStudioVersion = 10.0.40219.1
Project("{9A19103F-16F7-4668-BE54-9A1E7A4F7556}") = "DesafioAec", "DesafioAec\DesafioAec.csproj", "{B4553981-AE11-47BE-880B-68D28C487352}"
EndProject
Project("{2150E333-8FDC-42A3-9474-1A3956D46DE8}") = "Domain", "Domain", "{4E36C533-7A8B-42D4-920B-92EE66FFDF77}"
EndProject
Project("{9A19103F-16F7-4668-BE54-9A1E7A4F7556}") = "DesafioAec.Domain", "DesafioAec.Domain\DesafioAec.Domain.csproj", "{A4B21E1D-8703-4B8E-A183-EB3EE0D07365}"
EndProject
Project("{2150E333-8FDC-42A3-9474-1A3956D46DE8}") = "Application", "Application", "{88B8E301-3147-4817-86F5-DB5F9E1D0622}"
EndProject
Project("{2150E333-8FDC-42A3-9474-1A3956D46DE8}") = "Infra", "Infra", "{68109FE9-2717-4D0E-9EC2-57E33DC4294C}"
EndProject
Project("{2150E333-8FDC-42A3-9474-1A3956D46DE8}") = "Presentation", "Presentation", "{42FCDED4-EF45-445B-83CA-473BB1384860}"
EndProject
Project("{9A19103F-16F7-4668-BE54-9A1E7A4F7556}") = "DesafioAec.Application", "DesafioAec.Application\DesafioAec.Application.csproj", "{D96CEF1C-94DE-41FD-90D4-47A5880FB6CE}"
EndProject
Project("{9A19103F-16F7-4668-BE54-9A1E7A4F7556}") = "DesafioAec.Infra", "DesafioAec.Infra\DesafioAec.Infra.csproj", "{71E50628-1E2B-4B0E-9E0D-34D11597EE61}"
EndProject
Project("{FAE04EC0-301F-11D3-BF4B-00C04F79EFBC}") = "Desafio", "Desafio\Desafio.csproj", "{0C216315-ACB0-4273-A996-6955AADEDB3A}"
EndProject
Global
	GlobalSection(SolutionConfigurationPlatforms) = preSolution
		Debug|Any CPU = Debug|Any CPU
		Release|Any CPU = Release|Any CPU
	EndGlobalSection
	GlobalSection(ProjectConfigurationPlatforms) = postSolution
		{B4553981-AE11-47BE-880B-68D28C487352}.Debug|Any CPU.ActiveCfg = Debug|Any CPU
		{B4553981-AE11-47BE-880B-68D28C487352}.Debug|Any CPU.Build.0 = Debug|Any CPU
		{B4553981-AE11-47BE-880B-68D28C487352}.Release|Any CPU.ActiveCfg = Release|Any CPU
		{B4553981-AE11-47BE-880B-68D28C487352}.Release|Any CPU.Build.0 = Release|Any CPU
		{A4B21E1D-8703-4B8E-A183-EB3EE0D07365}.Debug|Any CPU.ActiveCfg = Debug|Any CPU
		{A4B21E1D-8703-4B8E-A183-EB3EE0D07365}.Debug|Any CPU.Build.0 = Debug|Any CPU
		{A4B21E1D-8703-4B8E-A183-EB3EE0D07365}.Release|Any CPU.ActiveCfg = Release|Any CPU
		{A4B21E1D-8703-4B8E-A183-EB3EE0D07365}.Release|Any CPU.Build.0 = Release|Any CPU
		{D96CEF1C-94DE-41FD-90D4-47A5880FB6CE}.Debug|Any CPU.ActiveCfg = Debug|Any CPU
		{D96CEF1C-94DE-41FD-90D4-47A5880FB6CE}.Debug|Any CPU.Build.0 = Debug|Any CPU
		{D96CEF1C-94DE-41FD-90D4-47A5880FB6CE}.Release|Any CPU.ActiveCfg = Release|Any CPU
		{D96CEF1C-94DE-41FD-90D4-47A5880FB6CE}.Release|Any CPU.Build.0 = Release|Any CPU
		{71E50628-1E2B-4B0E-9E0D-34D11597EE61}.Debug|Any CPU.ActiveCfg = Debug|Any CPU
		{71E50628-1E2B-4B0E-9E0D-34D11597EE61}.Debug|Any CPU.Build.0 = Debug|Any CPU
		{71E50628-1E2B-4B0E-9E0D-34D11597EE61}.Release|Any CPU.ActiveCfg = Release|Any CPU
		{71E50628-1E2B-4B0E-9E0D-34D11597EE61}.Release|Any CPU.Build.0 = Release|Any CPU
		{0C216315-ACB0-4273-A996-6955AADEDB3A}.Debug|Any CPU.ActiveCfg = Debug|Any CPU
		{0C216315-ACB0-4273-A996-6955AADEDB3A}.Debug|Any CPU.Build.0 = Debug|Any CPU
		{0C216315-ACB0-4273-A996-6955AADEDB3A}.Release|Any CPU.ActiveCfg = Release|Any CPU
		{0C216315-ACB0-4273-A996-6955AADEDB3A}.Release|Any CPU.Build.0 = Release|Any CPU
	EndGlobalSection
	GlobalSection(SolutionProperties) = preSolution
		HideSolutionNode = FALSE
	EndGlobalSection
	GlobalSection(NestedProjects) = preSolution
		{B4553981-AE11-47BE-880B-68D28C487352} = {42FCDED4-EF45-445B-83CA-473BB1384860}
		{A4B21E1D-8703-4B8E-A183-EB3EE0D07365} = {4E36C533-7A8B-42D4-920B-92EE66FFDF77}
		{D96CEF1C-94DE-41FD-90D4-47A5880FB6CE} = {88B8E301-3147-4817-86F5-DB5F9E1D0622}
		{71E50628-1E2B-4B0E-9E0D-34D11597EE61} = {68109FE9-2717-4D0E-9EC2-57E33DC4294C}
		{0C216315-ACB0-4273-A996-6955AADEDB3A} = {42FCDED4-EF45-445B-83CA-473BB1384860}
	EndGlobalSection
	GlobalSection(ExtensibilityGlobals) = postSolution
		SolutionGuid = {784E8E3E-9149-45B2-A064-EE93791C2A79}
	EndGlobalSection
EndGlobal
